
Microsoft Visual Studio Solution File, Format Version 11.00
# Visual Studio 2010
Project("{FAE04EC0-301F-11D3-BF4B-00C04F79EFBC}") = "Assembly-CSharp", "Assembly-CSharp.csproj", "{2ACA6C3D-C389-3CEA-EBAD-3CD752993B7C}"
EndProject
Project("{FAE04EC0-301F-11D3-BF4B-00C04F79EFBC}") = "Assembly-CSharp-Editor-firstpass", "Assembly-CSharp-Editor-firstpass.csproj", "{5D052690-7604-D9AA-5C99-3E847A18C4A4}"
EndProject
Global
	GlobalSection(SolutionConfigurationPlatforms) = preSolution
		Debug|Any CPU = Debug|Any CPU
		Release|Any CPU = Release|Any CPU
	EndGlobalSection
	GlobalSection(ProjectConfigurationPlatforms) = postSolution
		{2ACA6C3D-C389-3CEA-EBAD-3CD752993B7C}.Debug|Any CPU.ActiveCfg = Debug|Any CPU
		{2ACA6C3D-C389-3CEA-EBAD-3CD752993B7C}.Debug|Any CPU.Build.0 = Debug|Any CPU
		{2ACA6C3D-C389-3CEA-EBAD-3CD752993B7C}.Release|Any CPU.ActiveCfg = Release|Any CPU
		{2ACA6C3D-C389-3CEA-EBAD-3CD752993B7C}.Release|Any CPU.Build.0 = Release|Any CPU
		{5D052690-7604-D9AA-5C99-3E847A18C4A4}.Debug|Any CPU.ActiveCfg = Debug|Any CPU
		{5D052690-7604-D9AA-5C99-3E847A18C4A4}.Debug|Any CPU.Build.0 = Debug|Any CPU
		{5D052690-7604-D9AA-5C99-3E847A18C4A4}.Release|Any CPU.ActiveCfg = Release|Any CPU
		{5D052690-7604-D9AA-5C99-3E847A18C4A4}.Release|Any CPU.Build.0 = Release|Any CPU
	EndGlobalSection
	GlobalSection(SolutionProperties) = preSolution
		HideSolutionNode = FALSE
	EndGlobalSection
EndGlobal
