
Microsoft Visual Studio Solution File, Format Version 12.00
# Visual Studio 15
Project("{FAE04EC0-301F-11D3-BF4B-00C04F79EFBC}") = "Assembly-CSharp", "Assembly-CSharp.csproj", "{8DE52526-AE6F-AC3F-77A6-2834576ABFDA}"
EndProject
Project("{FAE04EC0-301F-11D3-BF4B-00C04F79EFBC}") = "Assembly-CSharp-Editor-firstpass", "Assembly-CSharp-Editor-firstpass.csproj", "{501EB271-E906-F391-7A69-91F2B6D732A6}"
EndProject
Global
	GlobalSection(SolutionConfigurationPlatforms) = preSolution
		Debug|Any CPU = Debug|Any CPU
		Release|Any CPU = Release|Any CPU
	EndGlobalSection
	GlobalSection(ProjectConfigurationPlatforms) = postSolution
		{8DE52526-AE6F-AC3F-77A6-2834576ABFDA}.Debug|Any CPU.ActiveCfg = Debug|Any CPU
		{8DE52526-AE6F-AC3F-77A6-2834576ABFDA}.Debug|Any CPU.Build.0 = Debug|Any CPU
		{8DE52526-AE6F-AC3F-77A6-2834576ABFDA}.Release|Any CPU.ActiveCfg = Release|Any CPU
		{8DE52526-AE6F-AC3F-77A6-2834576ABFDA}.Release|Any CPU.Build.0 = Release|Any CPU
		{501EB271-E906-F391-7A69-91F2B6D732A6}.Debug|Any CPU.ActiveCfg = Debug|Any CPU
		{501EB271-E906-F391-7A69-91F2B6D732A6}.Debug|Any CPU.Build.0 = Debug|Any CPU
		{501EB271-E906-F391-7A69-91F2B6D732A6}.Release|Any CPU.ActiveCfg = Release|Any CPU
		{501EB271-E906-F391-7A69-91F2B6D732A6}.Release|Any CPU.Build.0 = Release|Any CPU
	EndGlobalSection
	GlobalSection(SolutionProperties) = preSolution
		HideSolutionNode = FALSE
	EndGlobalSection
EndGlobal
